
Microsoft Visual Studio Solution File, Format Version 12.00
# Visual Studio Version 16
VisualStudioVersion = 16.0.30413.136
MinimumVisualStudioVersion = 10.0.40219.1
Project("{FAE04EC0-301F-11D3-BF4B-00C04F79EFBC}") = "AIFTTSService", "AIFTTSService\AIFTTSService.csproj", "{F8747D2B-3E35-4269-8B2C-84D664E60C6D}"
EndProject
Global
	GlobalSection(SolutionConfigurationPlatforms) = preSolution
		Debug|Any CPU = Debug|Any CPU
		Release|Any CPU = Release|Any CPU
	EndGlobalSection
	GlobalSection(ProjectConfigurationPlatforms) = postSolution
		{F8747D2B-3E35-4269-8B2C-84D664E60C6D}.Debug|Any CPU.ActiveCfg = Debug|Any CPU
		{F8747D2B-3E35-4269-8B2C-84D664E60C6D}.Debug|Any CPU.Build.0 = Debug|Any CPU
		{F8747D2B-3E35-4269-8B2C-84D664E60C6D}.Release|Any CPU.ActiveCfg = Release|Any CPU
		{F8747D2B-3E35-4269-8B2C-84D664E60C6D}.Release|Any CPU.Build.0 = Release|Any CPU
	EndGlobalSection
	GlobalSection(SolutionProperties) = preSolution
		HideSolutionNode = FALSE
	EndGlobalSection
	GlobalSection(ExtensibilityGlobals) = postSolution
		SolutionGuid = {C5C196A4-2E6B-4209-AABC-0344BF4F13D5}
	EndGlobalSection
EndGlobal
